// !$*UTF8*$!
{
	archiveVersion = 1;
	classes = {
	};
	objectVersion = 77;
	objects = {

/* Begin PBXBuildFile section */
		3927F9112EDAE352007953CA /* TypeR198XMacApp.swift in Sources */ = {isa = PBXBuildFile; fileRef = 3927F9012EDAE352007953CA /* TypeR198XMacApp.swift */; };
		3927F9122EDAE352007953CA /* WebGameView.swift in Sources */ = {isa = PBXBuildFile; fileRef = 3927F9022EDAE352007953CA /* WebGameView.swift */; };
		3927F9132EDAE352007953CA /* Assets.xcassets in Resources */ = {isa = PBXBuildFile; fileRef = 3927F9032EDAE352007953CA /* Assets.xcassets */; };
		3927F9152EDAE352007953CA /* PrivacyInfo.xcprivacy in Resources */ = {isa = PBXBuildFile; fileRef = 3927F9052EDAE352007953CA /* PrivacyInfo.xcprivacy */; };
		3927F8362EDAE352007953CA /* www in Resources */ = {isa = PBXBuildFile; fileRef = 3927F82F2EDAE352007953CA /* www */; };
/* End PBXBuildFile section */

/* Begin PBXContainerItemProxy section */
		3927F7B42EDADD8F007953CA /* PBXContainerItemProxy */ = {
			isa = PBXContainerItemProxy;
			containerPortal = 3927F79D2EDADD8E007953CA /* Project object */;
			proxyType = 1;
			remoteGlobalIDString = 3927F7A42EDADD8E007953CA;
			remoteInfo = typer198xMac;
		};
		3927F7BE2EDADD8F007953CA /* PBXContainerItemProxy */ = {
			isa = PBXContainerItemProxy;
			containerPortal = 3927F79D2EDADD8E007953CA /* Project object */;
			proxyType = 1;
			remoteGlobalIDString = 3927F7A42EDADD8E007953CA;
			remoteInfo = typer198xMac;
		};
/* End PBXContainerItemProxy section */

/* Begin PBXFileReference section */
		3927F9012EDAE352007953CA /* TypeR198XMacApp.swift */ = {isa = PBXFileReference; lastKnownFileType = sourcecode.swift; path = TypeR198XMacApp.swift; sourceTree = "<group>"; };
		3927F9022EDAE352007953CA /* WebGameView.swift */ = {isa = PBXFileReference; lastKnownFileType = sourcecode.swift; path = WebGameView.swift; sourceTree = "<group>"; };
		3927F9032EDAE352007953CA /* Assets.xcassets */ = {isa = PBXFileReference; lastKnownFileType = folder.assetcatalog; path = Assets.xcassets; sourceTree = "<group>"; };
		3927F9042EDAE352007953CA /* typer198xMac.entitlements */ = {isa = PBXFileReference; lastKnownFileType = text.plist.entitlements; path = typer198xMac.entitlements; sourceTree = "<group>"; };
		3927F9052EDAE352007953CA /* PrivacyInfo.xcprivacy */ = {isa = PBXFileReference; lastKnownFileType = text.xml; path = PrivacyInfo.xcprivacy; sourceTree = "<group>"; };
		3927F7A52EDADD8E007953CA /* typer198xMac.app */ = {isa = PBXFileReference; explicitFileType = wrapper.application; includeInIndex = 0; path = typer198xMac.app; sourceTree = BUILT_PRODUCTS_DIR; };
		3927F7B32EDADD8F007953CA /* typer198xMacTests.xctest */ = {isa = PBXFileReference; explicitFileType = wrapper.cfbundle; includeInIndex = 0; path = typer198xMacTests.xctest; sourceTree = BUILT_PRODUCTS_DIR; };
		3927F7BD2EDADD8F007953CA /* typer198xMacUITests.xctest */ = {isa = PBXFileReference; explicitFileType = wrapper.cfbundle; includeInIndex = 0; path = typer198xMacUITests.xctest; sourceTree = BUILT_PRODUCTS_DIR; };
		3927F82F2EDAE352007953CA /* www */ = {isa = PBXFileReference; lastKnownFileType = folder; name = www; path = ../../shared/www; sourceTree = SOURCE_ROOT; };
/* End PBXFileReference section */

/* Begin PBXFileSystemSynchronizedRootGroup section */
		3927F7A72EDADD8E007953CA /* typer198xMac */ = {
			isa = PBXFileSystemSynchronizedRootGroup;
			path = typer198xMac;
			sourceTree = "<group>";
		};
		3927F7B62EDADD8F007953CA /* typer198xMacTests */ = {
			isa = PBXFileSystemSynchronizedRootGroup;
			path = typer198xMacTests;
			sourceTree = "<group>";
		};
		3927F7C02EDADD8F007953CA /* typer198xMacUITests */ = {
			isa = PBXFileSystemSynchronizedRootGroup;
			path = typer198xMacUITests;
			sourceTree = "<group>";
		};
/* End PBXFileSystemSynchronizedRootGroup section */

/* Begin PBXFrameworksBuildPhase section */
		3927F7A22EDADD8E007953CA /* Frameworks */ = {
			isa = PBXFrameworksBuildPhase;
			buildActionMask = 2147483647;
			files = (
			);
			runOnlyForDeploymentPostprocessing = 0;
		};
		3927F7B02EDADD8F007953CA /* Frameworks */ = {
			isa = PBXFrameworksBuildPhase;
			buildActionMask = 2147483647;
			files = (
			);
			runOnlyForDeploymentPostprocessing = 0;
		};
		3927F7BA2EDADD8F007953CA /* Frameworks */ = {
			isa = PBXFrameworksBuildPhase;
			buildActionMask = 2147483647;
			files = (
			);
			runOnlyForDeploymentPostprocessing = 0;
		};
/* End PBXFrameworksBuildPhase section */

/* Begin PBXGroup section */
		3927F7A72EDADD8E007953CA /* typer198xMac */ = {
			isa = PBXGroup;
			children = (
				3927F9012EDAE352007953CA /* TypeR198XMacApp.swift */,
				3927F9022EDAE352007953CA /* WebGameView.swift */,
				3927F9032EDAE352007953CA /* Assets.xcassets */,
				3927F9042EDAE352007953CA /* typer198xMac.entitlements */,
				3927F9052EDAE352007953CA /* PrivacyInfo.xcprivacy */,
			);
			path = typer198xMac;
			sourceTree = "<group>";
		};
		3927F79C2EDADD8E007953CA = {
			isa = PBXGroup;
			children = (
				3927F82F2EDAE352007953CA /* www */,
				3927F7A72EDADD8E007953CA /* typer198xMac */,
				3927F7B62EDADD8F007953CA /* typer198xMacTests */,
				3927F7C02EDADD8F007953CA /* typer198xMacUITests */,
				3927F7A62EDADD8E007953CA /* Products */,
			);
			sourceTree = "<group>";
		};
		3927F7A62EDADD8E007953CA /* Products */ = {
			isa = PBXGroup;
			children = (
				3927F7A52EDADD8E007953CA /* typer198xMac.app */,
				3927F7B32EDADD8F007953CA /* typer198xMacTests.xctest */,
				3927F7BD2EDADD8F007953CA /* typer198xMacUITests.xctest */,
			);
			name = Products;
			sourceTree = "<group>";
		};
/* End PBXGroup section */

/* Begin PBXNativeTarget section */
		3927F7A42EDADD8E007953CA /* typer198xMac */ = {
			isa = PBXNativeTarget;
			buildConfigurationList = 3927F7C72EDADD8F007953CA /* Build configuration list for PBXNativeTarget "typer198xMac" */;
			buildPhases = (
				3927F7A12EDADD8E007953CA /* Sources */,
				3927F7A22EDADD8E007953CA /* Frameworks */,
				3927F7A32EDADD8E007953CA /* Resources */,
			);
			buildRules = (
			);
			dependencies = (
			);
			fileSystemSynchronizedGroups = (
				3927F7A72EDADD8E007953CA /* typer198xMac */,
			);
			name = typer198xMac;
			packageProductDependencies = (
			);
			productName = typer198xMac;
			productReference = 3927F7A52EDADD8E007953CA /* typer198xMac.app */;
			productType = "com.apple.product-type.application";
		};
		3927F7B22EDADD8F007953CA /* typer198xMacTests */ = {
			isa = PBXNativeTarget;
			buildConfigurationList = 3927F7CA2EDADD8F007953CA /* Build configuration list for PBXNativeTarget "typer198xMacTests" */;
			buildPhases = (
				3927F7AF2EDADD8F007953CA /* Sources */,
				3927F7B02EDADD8F007953CA /* Frameworks */,
				3927F7B12EDADD8F007953CA /* Resources */,
			);
			buildRules = (
			);
			dependencies = (
				3927F7B52EDADD8F007953CA /* PBXTargetDependency */,
			);
			fileSystemSynchronizedGroups = (
				3927F7B62EDADD8F007953CA /* typer198xMacTests */,
			);
			name = typer198xMacTests;
			packageProductDependencies = (
			);
			productName = typer198xMacTests;
			productReference = 3927F7B32EDADD8F007953CA /* typer198xMacTests.xctest */;
			productType = "com.apple.product-type.bundle.unit-test";
		};
		3927F7BC2EDADD8F007953CA /* typer198xMacUITests */ = {
			isa = PBXNativeTarget;
			buildConfigurationList = 3927F7CD2EDADD8F007953CA /* Build configuration list for PBXNativeTarget "typer198xMacUITests" */;
			buildPhases = (
				3927F7B92EDADD8F007953CA /* Sources */,
				3927F7BA2EDADD8F007953CA /* Frameworks */,
				3927F7BB2EDADD8F007953CA /* Resources */,
			);
			buildRules = (
			);
			dependencies = (
				3927F7BF2EDADD8F007953CA /* PBXTargetDependency */,
			);
			fileSystemSynchronizedGroups = (
				3927F7C02EDADD8F007953CA /* typer198xMacUITests */,
			);
			name = typer198xMacUITests;
			packageProductDependencies = (
			);
			productName = typer198xMacUITests;
			productReference = 3927F7BD2EDADD8F007953CA /* typer198xMacUITests.xctest */;
			productType = "com.apple.product-type.bundle.ui-testing";
		};
/* End PBXNativeTarget section */

/* Begin PBXProject section */
		3927F79D2EDADD8E007953CA /* Project object */ = {
			isa = PBXProject;
			attributes = {
				BuildIndependentTargetsInParallel = 1;
				LastSwiftUpdateCheck = 1640;
				LastUpgradeCheck = 1640;
				TargetAttributes = {
					3927F7A42EDADD8E007953CA = {
						CreatedOnToolsVersion = 16.4;
					};
					3927F7B22EDADD8F007953CA = {
						CreatedOnToolsVersion = 16.4;
						TestTargetID = 3927F7A42EDADD8E007953CA;
					};
					3927F7BC2EDADD8F007953CA = {
						CreatedOnToolsVersion = 16.4;
						TestTargetID = 3927F7A42EDADD8E007953CA;
					};
				};
			};
			buildConfigurationList = 3927F7A02EDADD8E007953CA /* Build configuration list for PBXProject "typer198xMac" */;
			developmentRegion = en;
			hasScannedForEncodings = 0;
			knownRegions = (
				en,
				Base,
			);
			mainGroup = 3927F79C2EDADD8E007953CA;
			minimizedProjectReferenceProxies = 1;
			preferredProjectObjectVersion = 77;
			productRefGroup = 3927F7A62EDADD8E007953CA /* Products */;
			projectDirPath = "";
			projectRoot = "";
			targets = (
				3927F7A42EDADD8E007953CA /* typer198xMac */,
				3927F7B22EDADD8F007953CA /* typer198xMacTests */,
				3927F7BC2EDADD8F007953CA /* typer198xMacUITests */,
			);
		};
/* End PBXProject section */

/* Begin PBXResourcesBuildPhase section */
		3927F7A32EDADD8E007953CA /* Resources */ = {
			isa = PBXResourcesBuildPhase;
			buildActionMask = 2147483647;
			files = (
				3927F8362EDAE352007953CA /* www in Resources */,
				3927F9132EDAE352007953CA /* Assets.xcassets in Resources */,
				3927F9152EDAE352007953CA /* PrivacyInfo.xcprivacy in Resources */,
			);
			runOnlyForDeploymentPostprocessing = 0;
		};
		3927F7B12EDADD8F007953CA /* Resources */ = {
			isa = PBXResourcesBuildPhase;
			buildActionMask = 2147483647;
			files = (
			);
			runOnlyForDeploymentPostprocessing = 0;
		};
		3927F7BB2EDADD8F007953CA /* Resources */ = {
			isa = PBXResourcesBuildPhase;
			buildActionMask = 2147483647;
			files = (
			);
			runOnlyForDeploymentPostprocessing = 0;
		};
/* End PBXResourcesBuildPhase section */

/* Begin PBXSourcesBuildPhase section */
		3927F7A12EDADD8E007953CA /* Sources */ = {
			isa = PBXSourcesBuildPhase;
			buildActionMask = 2147483647;
			files = (
				3927F9112EDAE352007953CA /* TypeR198XMacApp.swift in Sources */,
				3927F9122EDAE352007953CA /* WebGameView.swift in Sources */,
			);
			runOnlyForDeploymentPostprocessing = 0;
		};
		3927F7AF2EDADD8F007953CA /* Sources */ = {
			isa = PBXSourcesBuildPhase;
			buildActionMask = 2147483647;
			files = (
			);
			runOnlyForDeploymentPostprocessing = 0;
		};
		3927F7B92EDADD8F007953CA /* Sources */ = {
			isa = PBXSourcesBuildPhase;
			buildActionMask = 2147483647;
			files = (
			);
			runOnlyForDeploymentPostprocessing = 0;
		};
/* End PBXSourcesBuildPhase section */

/* Begin PBXTargetDependency section */
		3927F7B52EDADD8F007953CA /* PBXTargetDependency */ = {
			isa = PBXTargetDependency;
			target = 3927F7A42EDADD8E007953CA /* typer198xMac */;
			targetProxy = 3927F7B42EDADD8F007953CA /* PBXContainerItemProxy */;
		};
		3927F7BF2EDADD8F007953CA /* PBXTargetDependency */ = {
			isa = PBXTargetDependency;
			target = 3927F7A42EDADD8E007953CA /* typer198xMac */;
			targetProxy = 3927F7BE2EDADD8F007953CA /* PBXContainerItemProxy */;
		};
/* End PBXTargetDependency section */

/* Begin XCBuildConfiguration section */
		3927F7C52EDADD8F007953CA /* Debug */ = {
			isa = XCBuildConfiguration;
			buildSettings = {
				ALWAYS_SEARCH_USER_PATHS = NO;
				ASSETCATALOG_COMPILER_GENERATE_SWIFT_ASSET_SYMBOL_EXTENSIONS = YES;
				CLANG_ANALYZER_NONNULL = YES;
				CLANG_ANALYZER_NUMBER_OBJECT_CONVERSION = YES_AGGRESSIVE;
				CLANG_CXX_LANGUAGE_STANDARD = "gnu++20";
				CLANG_ENABLE_MODULES = YES;
				CLANG_ENABLE_OBJC_ARC = YES;
				CLANG_ENABLE_OBJC_WEAK = YES;
				CLANG_WARN_BLOCK_CAPTURE_AUTORELEASING = YES;
				CLANG_WARN_BOOL_CONVERSION = YES;
				CLANG_WARN_COMMA = YES;
				CLANG_WARN_CONSTANT_CONVERSION = YES;
				CLANG_WARN_DEPRECATED_OBJC_IMPLEMENTATIONS = YES;
				CLANG_WARN_DIRECT_OBJC_ISA_USAGE = YES_ERROR;
				CLANG_WARN_DOCUMENTATION_COMMENTS = YES;
				CLANG_WARN_EMPTY_BODY = YES;
				CLANG_WARN_ENUM_CONVERSION = YES;
				CLANG_WARN_INFINITE_RECURSION = YES;
				CLANG_WARN_INT_CONVERSION = YES;
				CLANG_WARN_NON_LITERAL_NULL_CONVERSION = YES;
				CLANG_WARN_OBJC_IMPLICIT_RETAIN_SELF = YES;
				CLANG_WARN_OBJC_LITERAL_CONVERSION = YES;
				CLANG_WARN_OBJC_ROOT_CLASS = YES_ERROR;
				CLANG_WARN_QUOTED_INCLUDE_IN_FRAMEWORK_HEADER = YES;
				CLANG_WARN_RANGE_LOOP_ANALYSIS = YES;
				CLANG_WARN_STRICT_PROTOTYPES = YES;
				CLANG_WARN_SUSPICIOUS_MOVE = YES;
				CLANG_WARN_UNGUARDED_AVAILABILITY = YES_AGGRESSIVE;
				CLANG_WARN_UNREACHABLE_CODE = YES;
				CLANG_WARN__DUPLICATE_METHOD_MATCH = YES;
				COPY_PHASE_STRIP = NO;
				DEBUG_INFORMATION_FORMAT = dwarf;
				ENABLE_STRICT_OBJC_MSGSEND = YES;
				ENABLE_TESTABILITY = YES;
				ENABLE_USER_SCRIPT_SANDBOXING = YES;
				GCC_C_LANGUAGE_STANDARD = gnu17;
				GCC_DYNAMIC_NO_PIC = NO;
				GCC_NO_COMMON_BLOCKS = YES;
				GCC_OPTIMIZATION_LEVEL = 0;
				GCC_PREPROCESSOR_DEFINITIONS = (
					"DEBUG=1",
					"$(inherited)",
				);
				GCC_WARN_64_TO_32_BIT_CONVERSION = YES;
				GCC_WARN_ABOUT_RETURN_TYPE = YES_ERROR;
				GCC_WARN_UNDECLARED_SELECTOR = YES;
				GCC_WARN_UNINITIALIZED_AUTOS = YES_AGGRESSIVE;
				GCC_WARN_UNUSED_FUNCTION = YES;
				GCC_WARN_UNUSED_VARIABLE = YES;
				LOCALIZATION_PREFERS_STRING_CATALOGS = YES;
				MACOSX_DEPLOYMENT_TARGET = 15.5;
				MTL_ENABLE_DEBUG_INFO = INCLUDE_SOURCE;
				MTL_FAST_MATH = YES;
				ONLY_ACTIVE_ARCH = YES;
				SDKROOT = macosx;
				SWIFT_ACTIVE_COMPILATION_CONDITIONS = "DEBUG $(inherited)";
				SWIFT_OPTIMIZATION_LEVEL = "-Onone";
			};
			name = Debug;
		};
		3927F7C62EDADD8F007953CA /* Release */ = {
			isa = XCBuildConfiguration;
			buildSettings = {
				ALWAYS_SEARCH_USER_PATHS = NO;
				ASSETCATALOG_COMPILER_GENERATE_SWIFT_ASSET_SYMBOL_EXTENSIONS = YES;
				CLANG_ANALYZER_NONNULL = YES;
				CLANG_ANALYZER_NUMBER_OBJECT_CONVERSION = YES_AGGRESSIVE;
				CLANG_CXX_LANGUAGE_STANDARD = "gnu++20";
				CLANG_ENABLE_MODULES = YES;
				CLANG_ENABLE_OBJC_ARC = YES;
				CLANG_ENABLE_OBJC_WEAK = YES;
				CLANG_WARN_BLOCK_CAPTURE_AUTORELEASING = YES;
				CLANG_WARN_BOOL_CONVERSION = YES;
				CLANG_WARN_COMMA = YES;
				CLANG_WARN_CONSTANT_CONVERSION = YES;
				CLANG_WARN_DEPRECATED_OBJC_IMPLEMENTATIONS = YES;
				CLANG_WARN_DIRECT_OBJC_ISA_USAGE = YES_ERROR;
				CLANG_WARN_DOCUMENTATION_COMMENTS = YES;
				CLANG_WARN_EMPTY_BODY = YES;
				CLANG_WARN_ENUM_CONVERSION = YES;
				CLANG_WARN_INFINITE_RECURSION = YES;
				CLANG_WARN_INT_CONVERSION = YES;
				CLANG_WARN_NON_LITERAL_NULL_CONVERSION = YES;
				CLANG_WARN_OBJC_IMPLICIT_RETAIN_SELF = YES;
				CLANG_WARN_OBJC_LITERAL_CONVERSION = YES;
				CLANG_WARN_OBJC_ROOT_CLASS = YES_ERROR;
				CLANG_WARN_QUOTED_INCLUDE_IN_FRAMEWORK_HEADER = YES;
				CLANG_WARN_RANGE_LOOP_ANALYSIS = YES;
				CLANG_WARN_STRICT_PROTOTYPES = YES;
				CLANG_WARN_SUSPICIOUS_MOVE = YES;
				CLANG_WARN_UNGUARDED_AVAILABILITY = YES_AGGRESSIVE;
				CLANG_WARN_UNREACHABLE_CODE = YES;
				CLANG_WARN__DUPLICATE_METHOD_MATCH = YES;
				COPY_PHASE_STRIP = NO;
				DEBUG_INFORMATION_FORMAT = "dwarf-with-dsym";
				ENABLE_NS_ASSERTIONS = NO;
				ENABLE_STRICT_OBJC_MSGSEND = YES;
				ENABLE_USER_SCRIPT_SANDBOXING = YES;
				GCC_C_LANGUAGE_STANDARD = gnu17;
				GCC_NO_COMMON_BLOCKS = YES;
				GCC_WARN_64_TO_32_BIT_CONVERSION = YES;
				GCC_WARN_ABOUT_RETURN_TYPE = YES_ERROR;
				GCC_WARN_UNDECLARED_SELECTOR = YES;
				GCC_WARN_UNINITIALIZED_AUTOS = YES_AGGRESSIVE;
				GCC_WARN_UNUSED_FUNCTION = YES;
				GCC_WARN_UNUSED_VARIABLE = YES;
				LOCALIZATION_PREFERS_STRING_CATALOGS = YES;
				MACOSX_DEPLOYMENT_TARGET = 15.5;
				MTL_ENABLE_DEBUG_INFO = NO;
				MTL_FAST_MATH = YES;
				SDKROOT = macosx;
				SWIFT_COMPILATION_MODE = wholemodule;
			};
			name = Release;
		};
		3927F7C82EDADD8F007953CA /* Debug */ = {
			isa = XCBuildConfiguration;
			buildSettings = {
				ASSETCATALOG_COMPILER_APPICON_NAME = AppIcon;
				ASSETCATALOG_COMPILER_GLOBAL_ACCENT_COLOR_NAME = AccentColor;
				ASSETCATALOG_COMPILER_INCLUDE_ALL_APPICON_ASSETS = YES;
				CODE_SIGN_ENTITLEMENTS = typer198xMac/typer198xMac.entitlements;
				"CODE_SIGN_IDENTITY[sdk=macosx*]" = "Apple Development";
				CODE_SIGN_STYLE = Automatic;
				COMBINE_HIDPI_IMAGES = YES;
				CURRENT_PROJECT_VERSION = 1;
				DEVELOPMENT_TEAM = JKMMZ55D86;
				ENABLE_PREVIEWS = YES;
				GENERATE_INFOPLIST_FILE = YES;
				INFOPLIST_KEY_CFBundleDisplayName = "Type-R 198x";
				INFOPLIST_KEY_LSApplicationCategoryType = "public.app-category.word-games";
				INFOPLIST_KEY_NSHumanReadableCopyright = "";
				LD_RUNPATH_SEARCH_PATHS = (
					"$(inherited)",
					"@executable_path/../Frameworks",
				);
				MARKETING_VERSION = 1.5;
				PRODUCT_BUNDLE_IDENTIFIER = com.bradford.typeR198x.typer198xMac;
				PRODUCT_NAME = "$(TARGET_NAME)";
				REGISTER_APP_GROUPS = YES;
				SWIFT_EMIT_LOC_STRINGS = YES;
				SWIFT_VERSION = 5.0;
			};
			name = Debug;
		};
		3927F7C92EDADD8F007953CA /* Release */ = {
			isa = XCBuildConfiguration;
			buildSettings = {
				ASSETCATALOG_COMPILER_APPICON_NAME = AppIcon;
				ASSETCATALOG_COMPILER_GLOBAL_ACCENT_COLOR_NAME = AccentColor;
				ASSETCATALOG_COMPILER_INCLUDE_ALL_APPICON_ASSETS = YES;
				CODE_SIGN_ENTITLEMENTS = typer198xMac/typer198xMac.entitlements;
				"CODE_SIGN_IDENTITY[sdk=macosx*]" = "Apple Development";
				CODE_SIGN_STYLE = Automatic;
				COMBINE_HIDPI_IMAGES = YES;
				CURRENT_PROJECT_VERSION = 1;
				DEVELOPMENT_TEAM = JKMMZ55D86;
				ENABLE_PREVIEWS = YES;
				GENERATE_INFOPLIST_FILE = YES;
				INFOPLIST_KEY_CFBundleDisplayName = "Type-R 198x";
				INFOPLIST_KEY_LSApplicationCategoryType = "public.app-category.word-games";
				INFOPLIST_KEY_NSHumanReadableCopyright = "";
				LD_RUNPATH_SEARCH_PATHS = (
					"$(inherited)",
					"@executable_path/../Frameworks",
				);
				MARKETING_VERSION = 1.5;
				PRODUCT_BUNDLE_IDENTIFIER = com.bradford.typeR198x.typer198xMac;
				PRODUCT_NAME = "$(TARGET_NAME)";
				REGISTER_APP_GROUPS = YES;
				SWIFT_EMIT_LOC_STRINGS = YES;
				SWIFT_VERSION = 5.0;
			};
			name = Release;
		};
		3927F7CB2EDADD8F007953CA /* Debug */ = {
			isa = XCBuildConfiguration;
			buildSettings = {
				BUNDLE_LOADER = "$(TEST_HOST)";
				CODE_SIGN_STYLE = Automatic;
				CURRENT_PROJECT_VERSION = 1;
				GENERATE_INFOPLIST_FILE = YES;
				MACOSX_DEPLOYMENT_TARGET = 15.5;
				MARKETING_VERSION = 1.0;
				PRODUCT_BUNDLE_IDENTIFIER = com.bradford.typeR198x.typer198xMacTests;
				PRODUCT_NAME = "$(TARGET_NAME)";
				SWIFT_EMIT_LOC_STRINGS = NO;
				SWIFT_VERSION = 5.0;
				TEST_HOST = "$(BUILT_PRODUCTS_DIR)/typer198xMac.app/$(BUNDLE_EXECUTABLE_FOLDER_PATH)/typer198xMac";
			};
			name = Debug;
		};
		3927F7CC2EDADD8F007953CA /* Release */ = {
			isa = XCBuildConfiguration;
			buildSettings = {
				BUNDLE_LOADER = "$(TEST_HOST)";
				CODE_SIGN_STYLE = Automatic;
				CURRENT_PROJECT_VERSION = 1;
				GENERATE_INFOPLIST_FILE = YES;
				MACOSX_DEPLOYMENT_TARGET = 15.5;
				MARKETING_VERSION = 1.0;
				PRODUCT_BUNDLE_IDENTIFIER = com.bradford.typeR198x.typer198xMacTests;
				PRODUCT_NAME = "$(TARGET_NAME)";
				SWIFT_EMIT_LOC_STRINGS = NO;
				SWIFT_VERSION = 5.0;
				TEST_HOST = "$(BUILT_PRODUCTS_DIR)/typer198xMac.app/$(BUNDLE_EXECUTABLE_FOLDER_PATH)/typer198xMac";
			};
			name = Release;
		};
		3927F7CE2EDADD8F007953CA /* Debug */ = {
			isa = XCBuildConfiguration;
			buildSettings = {
				CODE_SIGN_STYLE = Automatic;
				CURRENT_PROJECT_VERSION = 1;
				GENERATE_INFOPLIST_FILE = YES;
				MARKETING_VERSION = 1.0;
				PRODUCT_BUNDLE_IDENTIFIER = com.bradford.typeR198x.typer198xMacUITests;
				PRODUCT_NAME = "$(TARGET_NAME)";
				SWIFT_EMIT_LOC_STRINGS = NO;
				SWIFT_VERSION = 5.0;
				TEST_TARGET_NAME = typer198xMac;
			};
			name = Debug;
		};
		3927F7CF2EDADD8F007953CA /* Release */ = {
			isa = XCBuildConfiguration;
			buildSettings = {
				CODE_SIGN_STYLE = Automatic;
				CURRENT_PROJECT_VERSION = 1;
				GENERATE_INFOPLIST_FILE = YES;
				MARKETING_VERSION = 1.0;
				PRODUCT_BUNDLE_IDENTIFIER = com.bradford.typeR198x.typer198xMacUITests;
				PRODUCT_NAME = "$(TARGET_NAME)";
				SWIFT_EMIT_LOC_STRINGS = NO;
				SWIFT_VERSION = 5.0;
				TEST_TARGET_NAME = typer198xMac;
			};
			name = Release;
		};
/* End XCBuildConfiguration section */

/* Begin XCConfigurationList section */
		3927F7A02EDADD8E007953CA /* Build configuration list for PBXProject "typer198xMac" */ = {
			isa = XCConfigurationList;
			buildConfigurations = (
				3927F7C52EDADD8F007953CA /* Debug */,
				3927F7C62EDADD8F007953CA /* Release */,
			);
			defaultConfigurationIsVisible = 0;
			defaultConfigurationName = Release;
		};
		3927F7C72EDADD8F007953CA /* Build configuration list for PBXNativeTarget "typer198xMac" */ = {
			isa = XCConfigurationList;
			buildConfigurations = (
				3927F7C82EDADD8F007953CA /* Debug */,
				3927F7C92EDADD8F007953CA /* Release */,
			);
			defaultConfigurationIsVisible = 0;
			defaultConfigurationName = Release;
		};
		3927F7CA2EDADD8F007953CA /* Build configuration list for PBXNativeTarget "typer198xMacTests" */ = {
			isa = XCConfigurationList;
			buildConfigurations = (
				3927F7CB2EDADD8F007953CA /* Debug */,
				3927F7CC2EDADD8F007953CA /* Release */,
			);
			defaultConfigurationIsVisible = 0;
			defaultConfigurationName = Release;
		};
		3927F7CD2EDADD8F007953CA /* Build configuration list for PBXNativeTarget "typer198xMacUITests" */ = {
			isa = XCConfigurationList;
			buildConfigurations = (
				3927F7CE2EDADD8F007953CA /* Debug */,
				3927F7CF2EDADD8F007953CA /* Release */,
			);
			defaultConfigurationIsVisible = 0;
			defaultConfigurationName = Release;
		};
/* End XCConfigurationList section */
	};
	rootObject = 3927F79D2EDADD8E007953CA /* Project object */;
}
