// !$*UTF8*$!
{
	archiveVersion = 1;
	classes = {
	};
	objectVersion = 77;
	objects = {

/* Begin PBXBuildFile section */
		3927F8302EDAE352007953CA /* Icon-App-29@3x.png in Resources */ = {isa = PBXBuildFile; fileRef = 3927F8042EDAE352007953CA /* Icon-App-29@3x.png */; };
		3927F8312EDAE352007953CA /* bigexplosion.wav in Resources */ = {isa = PBXBuildFile; fileRef = 3927F7D42EDAE352007953CA /* bigexplosion.wav */; };
		3927F8322EDAE352007953CA /* hud_frame.svg in Resources */ = {isa = PBXBuildFile; fileRef = 3927F8272EDAE352007953CA /* hud_frame.svg */; };
		3927F8332EDAE352007953CA /* laser.wav in Resources */ = {isa = PBXBuildFile; fileRef = 3927F7DB2EDAE352007953CA /* laser.wav */; };
		3927F8342EDAE352007953CA /* Icon-App-16.png in Resources */ = {isa = PBXBuildFile; fileRef = 3927F80E2EDAE352007953CA /* Icon-App-16.png */; };
		3927F8352EDAE352007953CA /* Icon-App-256.png in Resources */ = {isa = PBXBuildFile; fileRef = 3927F8122EDAE352007953CA /* Icon-App-256.png */; };
		3927F8362EDAE352007953CA /* www in Resources */ = {isa = PBXBuildFile; fileRef = 3927F82F2EDAE352007953CA /* www */; };
		3927F8372EDAE352007953CA /* Icon-App-1024.png in Resources */ = {isa = PBXBuildFile; fileRef = 3927F80C2EDAE352007953CA /* Icon-App-1024.png */; };
		3927F8382EDAE352007953CA /* secondlevelbg.png in Resources */ = {isa = PBXBuildFile; fileRef = 3927F7E12EDAE352007953CA /* secondlevelbg.png */; };
		3927F8392EDAE352007953CA /* Icon-App-40@3x.png in Resources */ = {isa = PBXBuildFile; fileRef = 3927F8062EDAE352007953CA /* Icon-App-40@3x.png */; };
		3927F83A2EDAE352007953CA /* play.svg in Resources */ = {isa = PBXBuildFile; fileRef = 3927F8242EDAE352007953CA /* play.svg */; };
		3927F83B2EDAE352007953CA /* Icon-App-29@2x.png in Resources */ = {isa = PBXBuildFile; fileRef = 3927F8032EDAE352007953CA /* Icon-App-29@2x.png */; };
		3927F83C2EDAE352007953CA /* mute.svg in Resources */ = {isa = PBXBuildFile; fileRef = 3927F8222EDAE352007953CA /* mute.svg */; };
		3927F83D2EDAE352007953CA /* Icon-App-76@1x.png in Resources */ = {isa = PBXBuildFile; fileRef = 3927F8092EDAE352007953CA /* Icon-App-76@1x.png */; };
		3927F83E2EDAE352007953CA /* Icon-App-60@3x.png in Resources */ = {isa = PBXBuildFile; fileRef = 3927F8082EDAE352007953CA /* Icon-App-60@3x.png */; };
		3927F83F2EDAE352007953CA /* Icon-App-76@2x.png in Resources */ = {isa = PBXBuildFile; fileRef = 3927F80A2EDAE352007953CA /* Icon-App-76@2x.png */; };
		3927F8402EDAE352007953CA /* fifthlevelFG.png in Resources */ = {isa = PBXBuildFile; fileRef = 3927F7FA2EDAE352007953CA /* fifthlevelFG.png */; };
		3927F8412EDAE352007953CA /* explosions.png in Resources */ = {isa = PBXBuildFile; fileRef = 3927F7F02EDAE352007953CA /* explosions.png */; };
		3927F8422EDAE352007953CA /* tokens.css in Resources */ = {isa = PBXBuildFile; fileRef = 3927F8202EDAE352007953CA /* tokens.css */; };
		3927F8432EDAE352007953CA /* Icon-App-20@3x.png in Resources */ = {isa = PBXBuildFile; fileRef = 3927F8022EDAE352007953CA /* Icon-App-20@3x.png */; };
		3927F8442EDAE352007953CA /* Icon-App-1024.png in Resources */ = {isa = PBXBuildFile; fileRef = 3927F8142EDAE352007953CA /* Icon-App-1024.png */; };
		3927F8452EDAE352007953CA /* sixthlevelbg.png in Resources */ = {isa = PBXBuildFile; fileRef = 3927F7E22EDAE352007953CA /* sixthlevelbg.png */; };
		3927F8462EDAE352007953CA /* S_S_honeyBee.png in Resources */ = {isa = PBXBuildFile; fileRef = 3927F81B2EDAE352007953CA /* S_S_honeyBee.png */; };
		3927F8472EDAE352007953CA /* firstlevelbg.png in Resources */ = {isa = PBXBuildFile; fileRef = 3927F7DF2EDAE352007953CA /* firstlevelbg.png */; };
		3927F8482EDAE352007953CA /* S_S_littledarkone.png in Resources */ = {isa = PBXBuildFile; fileRef = 3927F81C2EDAE352007953CA /* S_S_littledarkone.png */; };
		3927F8492EDAE352007953CA /* Galactic_High_Score_4.wav in Resources */ = {isa = PBXBuildFile; fileRef = 3927F7D82EDAE352007953CA /* Galactic_High_Score_4.wav */; };
		3927F84A2EDAE352007953CA /* fourthevelboss.png in Resources */ = {isa = PBXBuildFile; fileRef = 3927F7E92EDAE352007953CA /* fourthevelboss.png */; };
		3927F84B2EDAE352007953CA /* Galactic_High_Score_2.wav in Resources */ = {isa = PBXBuildFile; fileRef = 3927F7D62EDAE352007953CA /* Galactic_High_Score_2.wav */; };
		3927F84C2EDAE352007953CA /* S_S_Coconut.png in Resources */ = {isa = PBXBuildFile; fileRef = 3927F81A2EDAE352007953CA /* S_S_Coconut.png */; };
		3927F84D2EDAE352007953CA /* thirdlevelboss.png in Resources */ = {isa = PBXBuildFile; fileRef = 3927F7EE2EDAE352007953CA /* thirdlevelboss.png */; };
		3927F84E2EDAE352007953CA /* eigthlevelboss.png in Resources */ = {isa = PBXBuildFile; fileRef = 3927F7E62EDAE352007953CA /* eigthlevelboss.png */; };
		3927F84F2EDAE352007953CA /* thirdlevelbg.png in Resources */ = {isa = PBXBuildFile; fileRef = 3927F7E32EDAE352007953CA /* thirdlevelbg.png */; };
		3927F8502EDAE352007953CA /* logo.svg in Resources */ = {isa = PBXBuildFile; fileRef = 3927F8282EDAE352007953CA /* logo.svg */; };
		3927F8512EDAE352007953CA /* thirdlevelFG.png in Resources */ = {isa = PBXBuildFile; fileRef = 3927F7FF2EDAE352007953CA /* thirdlevelFG.png */; };
		3927F8522EDAE352007953CA /* Galactic_High_Score_6.wav in Resources */ = {isa = PBXBuildFile; fileRef = 3927F7DA2EDAE352007953CA /* Galactic_High_Score_6.wav */; };
		3927F8532EDAE352007953CA /* frame_03.png in Resources */ = {isa = PBXBuildFile; fileRef = 3927F7F42EDAE352007953CA /* frame_03.png */; };
		3927F8542EDAE352007953CA /* frame_00.png in Resources */ = {isa = PBXBuildFile; fileRef = 3927F7F12EDAE352007953CA /* frame_00.png */; };
		3927F8552EDAE352007953CA /* frame_04.png in Resources */ = {isa = PBXBuildFile; fileRef = 3927F7F52EDAE352007953CA /* frame_04.png */; };
		3927F8562EDAE352007953CA /* frame_01.png in Resources */ = {isa = PBXBuildFile; fileRef = 3927F7F22EDAE352007953CA /* frame_01.png */; };
		3927F8572EDAE352007953CA /* firstlevelFG.png in Resources */ = {isa = PBXBuildFile; fileRef = 3927F7FB2EDAE352007953CA /* firstlevelFG.png */; };
		3927F8582EDAE352007953CA /* Icon-App-60@2x.png in Resources */ = {isa = PBXBuildFile; fileRef = 3927F8072EDAE352007953CA /* Icon-App-60@2x.png */; };
		3927F8592EDAE352007953CA /* Icon-App-40@2x.png in Resources */ = {isa = PBXBuildFile; fileRef = 3927F8052EDAE352007953CA /* Icon-App-40@2x.png */; };
		3927F85A2EDAE352007953CA /* powerup.svg in Resources */ = {isa = PBXBuildFile; fileRef = 3927F8252EDAE352007953CA /* powerup.svg */; };
		3927F85B2EDAE352007953CA /* Icon-App-512.png in Resources */ = {isa = PBXBuildFile; fileRef = 3927F8132EDAE352007953CA /* Icon-App-512.png */; };
		3927F85C2EDAE352007953CA /* palette.json in Resources */ = {isa = PBXBuildFile; fileRef = 3927F81F2EDAE352007953CA /* palette.json */; };
		3927F85D2EDAE352007953CA /* Icon-App-83.5@2x.png in Resources */ = {isa = PBXBuildFile; fileRef = 3927F80B2EDAE352007953CA /* Icon-App-83.5@2x.png */; };
		3927F85E2EDAE352007953CA /* Icon-App-64.png in Resources */ = {isa = PBXBuildFile; fileRef = 3927F8102EDAE352007953CA /* Icon-App-64.png */; };
		3927F85F2EDAE352007953CA /* secondlevelFG.png in Resources */ = {isa = PBXBuildFile; fileRef = 3927F7FD2EDAE352007953CA /* secondlevelFG.png */; };
		3927F8602EDAE352007953CA /* frame_07.png in Resources */ = {isa = PBXBuildFile; fileRef = 3927F7F82EDAE352007953CA /* frame_07.png */; };
		3927F8612EDAE352007953CA /* game.js in Resources */ = {isa = PBXBuildFile; fileRef = 3927F82C2EDAE352007953CA /* game.js */; };
		3927F8622EDAE352007953CA /* Galactic_High_Score_5.wav in Resources */ = {isa = PBXBuildFile; fileRef = 3927F7D92EDAE352007953CA /* Galactic_High_Score_5.wav */; };
		3927F8632EDAE352007953CA /* Galactic_High_Score_3.wav in Resources */ = {isa = PBXBuildFile; fileRef = 3927F7D72EDAE352007953CA /* Galactic_High_Score_3.wav */; };
		3927F8642EDAE352007953CA /* frame_02.png in Resources */ = {isa = PBXBuildFile; fileRef = 3927F7F32EDAE352007953CA /* frame_02.png */; };
		3927F8652EDAE352007953CA /* sixthlevelboss.png in Resources */ = {isa = PBXBuildFile; fileRef = 3927F7ED2EDAE352007953CA /* sixthlevelboss.png */; };
		3927F8662EDAE352007953CA /* sfx.js in Resources */ = {isa = PBXBuildFile; fileRef = 3927F7DC2EDAE352007953CA /* sfx.js */; };
		3927F8672EDAE352007953CA /* fourthlevelFG.png in Resources */ = {isa = PBXBuildFile; fileRef = 3927F7FC2EDAE352007953CA /* fourthlevelFG.png */; };
		3927F8682EDAE352007953CA /* typer_icon.png in Resources */ = {isa = PBXBuildFile; fileRef = 3927F8172EDAE352007953CA /* typer_icon.png */; };
		3927F8692EDAE352007953CA /* ninthlevelboss.png in Resources */ = {isa = PBXBuildFile; fileRef = 3927F7EA2EDAE352007953CA /* ninthlevelboss.png */; };
		3927F86A2EDAE352007953CA /* firstlevelBoss.png in Resources */ = {isa = PBXBuildFile; fileRef = 3927F7E82EDAE352007953CA /* firstlevelBoss.png */; };
		3927F86B2EDAE352007953CA /* sixthlevelFG.png in Resources */ = {isa = PBXBuildFile; fileRef = 3927F7FE2EDAE352007953CA /* sixthlevelFG.png */; };
		3927F86C2EDAE352007953CA /* Icon-App-20@2x.png in Resources */ = {isa = PBXBuildFile; fileRef = 3927F8012EDAE352007953CA /* Icon-App-20@2x.png */; };
		3927F86D2EDAE352007953CA /* secondlevelboss.png in Resources */ = {isa = PBXBuildFile; fileRef = 3927F7EB2EDAE352007953CA /* secondlevelboss.png */; };
		3927F86E2EDAE352007953CA /* Icon-App-32.png in Resources */ = {isa = PBXBuildFile; fileRef = 3927F80F2EDAE352007953CA /* Icon-App-32.png */; };
		3927F86F2EDAE352007953CA /* pause.svg in Resources */ = {isa = PBXBuildFile; fileRef = 3927F8232EDAE352007953CA /* pause.svg */; };
		3927F8702EDAE352007953CA /* seventhlevelboss.png in Resources */ = {isa = PBXBuildFile; fileRef = 3927F7EC2EDAE352007953CA /* seventhlevelboss.png */; };
		3927F8712EDAE352007953CA /* Galactic_High_Score_1.wav in Resources */ = {isa = PBXBuildFile; fileRef = 3927F7D52EDAE352007953CA /* Galactic_High_Score_1.wav */; };
		3927F8722EDAE352007953CA /* Icon-App-128.png in Resources */ = {isa = PBXBuildFile; fileRef = 3927F8112EDAE352007953CA /* Icon-App-128.png */; };
		3927F8732EDAE352007953CA /* fifthlevelboss.png in Resources */ = {isa = PBXBuildFile; fileRef = 3927F7E72EDAE352007953CA /* fifthlevelboss.png */; };
		3927F8742EDAE352007953CA /* S_S_Sofrito.png in Resources */ = {isa = PBXBuildFile; fileRef = 3927F81D2EDAE352007953CA /* S_S_Sofrito.png */; };
		3927F8752EDAE352007953CA /* typer_icon_square.png in Resources */ = {isa = PBXBuildFile; fileRef = 3927F8182EDAE352007953CA /* typer_icon_square.png */; };
		3927F8762EDAE352007953CA /* screenshot.png in Resources */ = {isa = PBXBuildFile; fileRef = 3927F82A2EDAE352007953CA /* screenshot.png */; };
		3927F8772EDAE352007953CA /* frame_06.png in Resources */ = {isa = PBXBuildFile; fileRef = 3927F7F72EDAE352007953CA /* frame_06.png */; };
		3927F8782EDAE352007953CA /* fourthlevelbg.png in Resources */ = {isa = PBXBuildFile; fileRef = 3927F7E02EDAE352007953CA /* fourthlevelbg.png */; };
		3927F8792EDAE352007953CA /* 10thlevelboss.png in Resources */ = {isa = PBXBuildFile; fileRef = 3927F7E52EDAE352007953CA /* 10thlevelboss.png */; };
		3927F87A2EDAE352007953CA /* frame_05.png in Resources */ = {isa = PBXBuildFile; fileRef = 3927F7F62EDAE352007953CA /* frame_05.png */; };
		3927F87B2EDAE352007953CA /* style.css in Resources */ = {isa = PBXBuildFile; fileRef = 3927F82E2EDAE352007953CA /* style.css */; };
		3927F87C2EDAE352007953CA /* fifthlevelbg.png in Resources */ = {isa = PBXBuildFile; fileRef = 3927F7DE2EDAE352007953CA /* fifthlevelbg.png */; };
/* End PBXBuildFile section */

/* Begin PBXContainerItemProxy section */
		3927F7B42EDADD8F007953CA /* PBXContainerItemProxy */ = {
			isa = PBXContainerItemProxy;
			containerPortal = 3927F79D2EDADD8E007953CA /* Project object */;
			proxyType = 1;
			remoteGlobalIDString = 3927F7A42EDADD8E007953CA;
			remoteInfo = typer198xMac;
		};
		3927F7BE2EDADD8F007953CA /* PBXContainerItemProxy */ = {
			isa = PBXContainerItemProxy;
			containerPortal = 3927F79D2EDADD8E007953CA /* Project object */;
			proxyType = 1;
			remoteGlobalIDString = 3927F7A42EDADD8E007953CA;
			remoteInfo = typer198xMac;
		};
/* End PBXContainerItemProxy section */

/* Begin PBXFileReference section */
		3927F7A52EDADD8E007953CA /* typer198xMac.app */ = {isa = PBXFileReference; explicitFileType = wrapper.application; includeInIndex = 0; path = typer198xMac.app; sourceTree = BUILT_PRODUCTS_DIR; };
		3927F7B32EDADD8F007953CA /* typer198xMacTests.xctest */ = {isa = PBXFileReference; explicitFileType = wrapper.cfbundle; includeInIndex = 0; path = typer198xMacTests.xctest; sourceTree = BUILT_PRODUCTS_DIR; };
		3927F7BD2EDADD8F007953CA /* typer198xMacUITests.xctest */ = {isa = PBXFileReference; explicitFileType = wrapper.cfbundle; includeInIndex = 0; path = typer198xMacUITests.xctest; sourceTree = BUILT_PRODUCTS_DIR; };
		3927F7D42EDAE352007953CA /* bigexplosion.wav */ = {isa = PBXFileReference; lastKnownFileType = audio.wav; path = bigexplosion.wav; sourceTree = "<group>"; };
		3927F7D52EDAE352007953CA /* Galactic_High_Score_1.wav */ = {isa = PBXFileReference; lastKnownFileType = audio.wav; path = Galactic_High_Score_1.wav; sourceTree = "<group>"; };
		3927F7D62EDAE352007953CA /* Galactic_High_Score_2.wav */ = {isa = PBXFileReference; lastKnownFileType = audio.wav; path = Galactic_High_Score_2.wav; sourceTree = "<group>"; };
		3927F7D72EDAE352007953CA /* Galactic_High_Score_3.wav */ = {isa = PBXFileReference; lastKnownFileType = audio.wav; path = Galactic_High_Score_3.wav; sourceTree = "<group>"; };
		3927F7D82EDAE352007953CA /* Galactic_High_Score_4.wav */ = {isa = PBXFileReference; lastKnownFileType = audio.wav; path = Galactic_High_Score_4.wav; sourceTree = "<group>"; };
		3927F7D92EDAE352007953CA /* Galactic_High_Score_5.wav */ = {isa = PBXFileReference; lastKnownFileType = audio.wav; path = Galactic_High_Score_5.wav; sourceTree = "<group>"; };
		3927F7DA2EDAE352007953CA /* Galactic_High_Score_6.wav */ = {isa = PBXFileReference; lastKnownFileType = audio.wav; path = Galactic_High_Score_6.wav; sourceTree = "<group>"; };
		3927F7DB2EDAE352007953CA /* laser.wav */ = {isa = PBXFileReference; lastKnownFileType = audio.wav; path = laser.wav; sourceTree = "<group>"; };
		3927F7DC2EDAE352007953CA /* sfx.js */ = {isa = PBXFileReference; lastKnownFileType = sourcecode.javascript; path = sfx.js; sourceTree = "<group>"; };
		3927F7DE2EDAE352007953CA /* fifthlevelbg.png */ = {isa = PBXFileReference; lastKnownFileType = image.png; path = fifthlevelbg.png; sourceTree = "<group>"; };
		3927F7DF2EDAE352007953CA /* firstlevelbg.png */ = {isa = PBXFileReference; lastKnownFileType = image.png; path = firstlevelbg.png; sourceTree = "<group>"; };
		3927F7E02EDAE352007953CA /* fourthlevelbg.png */ = {isa = PBXFileReference; lastKnownFileType = image.png; path = fourthlevelbg.png; sourceTree = "<group>"; };
		3927F7E12EDAE352007953CA /* secondlevelbg.png */ = {isa = PBXFileReference; lastKnownFileType = image.png; path = secondlevelbg.png; sourceTree = "<group>"; };
		3927F7E22EDAE352007953CA /* sixthlevelbg.png */ = {isa = PBXFileReference; lastKnownFileType = image.png; path = sixthlevelbg.png; sourceTree = "<group>"; };
		3927F7E32EDAE352007953CA /* thirdlevelbg.png */ = {isa = PBXFileReference; lastKnownFileType = image.png; path = thirdlevelbg.png; sourceTree = "<group>"; };
		3927F7E52EDAE352007953CA /* 10thlevelboss.png */ = {isa = PBXFileReference; lastKnownFileType = image.png; path = 10thlevelboss.png; sourceTree = "<group>"; };
		3927F7E62EDAE352007953CA /* eigthlevelboss.png */ = {isa = PBXFileReference; lastKnownFileType = image.png; path = eigthlevelboss.png; sourceTree = "<group>"; };
		3927F7E72EDAE352007953CA /* fifthlevelboss.png */ = {isa = PBXFileReference; lastKnownFileType = image.png; path = fifthlevelboss.png; sourceTree = "<group>"; };
		3927F7E82EDAE352007953CA /* firstlevelBoss.png */ = {isa = PBXFileReference; lastKnownFileType = image.png; path = firstlevelBoss.png; sourceTree = "<group>"; };
		3927F7E92EDAE352007953CA /* fourthevelboss.png */ = {isa = PBXFileReference; lastKnownFileType = image.png; path = fourthevelboss.png; sourceTree = "<group>"; };
		3927F7EA2EDAE352007953CA /* ninthlevelboss.png */ = {isa = PBXFileReference; lastKnownFileType = image.png; path = ninthlevelboss.png; sourceTree = "<group>"; };
		3927F7EB2EDAE352007953CA /* secondlevelboss.png */ = {isa = PBXFileReference; lastKnownFileType = image.png; path = secondlevelboss.png; sourceTree = "<group>"; };
		3927F7EC2EDAE352007953CA /* seventhlevelboss.png */ = {isa = PBXFileReference; lastKnownFileType = image.png; path = seventhlevelboss.png; sourceTree = "<group>"; };
		3927F7ED2EDAE352007953CA /* sixthlevelboss.png */ = {isa = PBXFileReference; lastKnownFileType = image.png; path = sixthlevelboss.png; sourceTree = "<group>"; };
		3927F7EE2EDAE352007953CA /* thirdlevelboss.png */ = {isa = PBXFileReference; lastKnownFileType = image.png; path = thirdlevelboss.png; sourceTree = "<group>"; };
		3927F7F02EDAE352007953CA /* explosions.png */ = {isa = PBXFileReference; lastKnownFileType = image.png; path = explosions.png; sourceTree = "<group>"; };
		3927F7F12EDAE352007953CA /* frame_00.png */ = {isa = PBXFileReference; lastKnownFileType = image.png; path = frame_00.png; sourceTree = "<group>"; };
		3927F7F22EDAE352007953CA /* frame_01.png */ = {isa = PBXFileReference; lastKnownFileType = image.png; path = frame_01.png; sourceTree = "<group>"; };
		3927F7F32EDAE352007953CA /* frame_02.png */ = {isa = PBXFileReference; lastKnownFileType = image.png; path = frame_02.png; sourceTree = "<group>"; };
		3927F7F42EDAE352007953CA /* frame_03.png */ = {isa = PBXFileReference; lastKnownFileType = image.png; path = frame_03.png; sourceTree = "<group>"; };
		3927F7F52EDAE352007953CA /* frame_04.png */ = {isa = PBXFileReference; lastKnownFileType = image.png; path = frame_04.png; sourceTree = "<group>"; };
		3927F7F62EDAE352007953CA /* frame_05.png */ = {isa = PBXFileReference; lastKnownFileType = image.png; path = frame_05.png; sourceTree = "<group>"; };
		3927F7F72EDAE352007953CA /* frame_06.png */ = {isa = PBXFileReference; lastKnownFileType = image.png; path = frame_06.png; sourceTree = "<group>"; };
		3927F7F82EDAE352007953CA /* frame_07.png */ = {isa = PBXFileReference; lastKnownFileType = image.png; path = frame_07.png; sourceTree = "<group>"; };
		3927F7FA2EDAE352007953CA /* fifthlevelFG.png */ = {isa = PBXFileReference; lastKnownFileType = image.png; path = fifthlevelFG.png; sourceTree = "<group>"; };
		3927F7FB2EDAE352007953CA /* firstlevelFG.png */ = {isa = PBXFileReference; lastKnownFileType = image.png; path = firstlevelFG.png; sourceTree = "<group>"; };
		3927F7FC2EDAE352007953CA /* fourthlevelFG.png */ = {isa = PBXFileReference; lastKnownFileType = image.png; path = fourthlevelFG.png; sourceTree = "<group>"; };
		3927F7FD2EDAE352007953CA /* secondlevelFG.png */ = {isa = PBXFileReference; lastKnownFileType = image.png; path = secondlevelFG.png; sourceTree = "<group>"; };
		3927F7FE2EDAE352007953CA /* sixthlevelFG.png */ = {isa = PBXFileReference; lastKnownFileType = image.png; path = sixthlevelFG.png; sourceTree = "<group>"; };
		3927F7FF2EDAE352007953CA /* thirdlevelFG.png */ = {isa = PBXFileReference; lastKnownFileType = image.png; path = thirdlevelFG.png; sourceTree = "<group>"; };
		3927F8012EDAE352007953CA /* Icon-App-20@2x.png */ = {isa = PBXFileReference; lastKnownFileType = image.png; path = "Icon-App-20@2x.png"; sourceTree = "<group>"; };
		3927F8022EDAE352007953CA /* Icon-App-20@3x.png */ = {isa = PBXFileReference; lastKnownFileType = image.png; path = "Icon-App-20@3x.png"; sourceTree = "<group>"; };
		3927F8032EDAE352007953CA /* Icon-App-29@2x.png */ = {isa = PBXFileReference; lastKnownFileType = image.png; path = "Icon-App-29@2x.png"; sourceTree = "<group>"; };
		3927F8042EDAE352007953CA /* Icon-App-29@3x.png */ = {isa = PBXFileReference; lastKnownFileType = image.png; path = "Icon-App-29@3x.png"; sourceTree = "<group>"; };
		3927F8052EDAE352007953CA /* Icon-App-40@2x.png */ = {isa = PBXFileReference; lastKnownFileType = image.png; path = "Icon-App-40@2x.png"; sourceTree = "<group>"; };
		3927F8062EDAE352007953CA /* Icon-App-40@3x.png */ = {isa = PBXFileReference; lastKnownFileType = image.png; path = "Icon-App-40@3x.png"; sourceTree = "<group>"; };
		3927F8072EDAE352007953CA /* Icon-App-60@2x.png */ = {isa = PBXFileReference; lastKnownFileType = image.png; path = "Icon-App-60@2x.png"; sourceTree = "<group>"; };
		3927F8082EDAE352007953CA /* Icon-App-60@3x.png */ = {isa = PBXFileReference; lastKnownFileType = image.png; path = "Icon-App-60@3x.png"; sourceTree = "<group>"; };
		3927F8092EDAE352007953CA /* Icon-App-76@1x.png */ = {isa = PBXFileReference; lastKnownFileType = image.png; path = "Icon-App-76@1x.png"; sourceTree = "<group>"; };
		3927F80A2EDAE352007953CA /* Icon-App-76@2x.png */ = {isa = PBXFileReference; lastKnownFileType = image.png; path = "Icon-App-76@2x.png"; sourceTree = "<group>"; };
		3927F80B2EDAE352007953CA /* Icon-App-83.5@2x.png */ = {isa = PBXFileReference; lastKnownFileType = image.png; path = "Icon-App-83.5@2x.png"; sourceTree = "<group>"; };
		3927F80C2EDAE352007953CA /* Icon-App-1024.png */ = {isa = PBXFileReference; lastKnownFileType = image.png; path = "Icon-App-1024.png"; sourceTree = "<group>"; };
		3927F80E2EDAE352007953CA /* Icon-App-16.png */ = {isa = PBXFileReference; lastKnownFileType = image.png; path = "Icon-App-16.png"; sourceTree = "<group>"; };
		3927F80F2EDAE352007953CA /* Icon-App-32.png */ = {isa = PBXFileReference; lastKnownFileType = image.png; path = "Icon-App-32.png"; sourceTree = "<group>"; };
		3927F8102EDAE352007953CA /* Icon-App-64.png */ = {isa = PBXFileReference; lastKnownFileType = image.png; path = "Icon-App-64.png"; sourceTree = "<group>"; };
		3927F8112EDAE352007953CA /* Icon-App-128.png */ = {isa = PBXFileReference; lastKnownFileType = image.png; path = "Icon-App-128.png"; sourceTree = "<group>"; };
		3927F8122EDAE352007953CA /* Icon-App-256.png */ = {isa = PBXFileReference; lastKnownFileType = image.png; path = "Icon-App-256.png"; sourceTree = "<group>"; };
		3927F8132EDAE352007953CA /* Icon-App-512.png */ = {isa = PBXFileReference; lastKnownFileType = image.png; path = "Icon-App-512.png"; sourceTree = "<group>"; };
		3927F8142EDAE352007953CA /* Icon-App-1024.png */ = {isa = PBXFileReference; lastKnownFileType = image.png; path = "Icon-App-1024.png"; sourceTree = "<group>"; };
		3927F8172EDAE352007953CA /* typer_icon.png */ = {isa = PBXFileReference; lastKnownFileType = image.png; path = typer_icon.png; sourceTree = "<group>"; };
		3927F8182EDAE352007953CA /* typer_icon_square.png */ = {isa = PBXFileReference; lastKnownFileType = image.png; path = typer_icon_square.png; sourceTree = "<group>"; };
		3927F81A2EDAE352007953CA /* S_S_Coconut.png */ = {isa = PBXFileReference; lastKnownFileType = image.png; path = S_S_Coconut.png; sourceTree = "<group>"; };
		3927F81B2EDAE352007953CA /* S_S_honeyBee.png */ = {isa = PBXFileReference; lastKnownFileType = image.png; path = S_S_honeyBee.png; sourceTree = "<group>"; };
		3927F81C2EDAE352007953CA /* S_S_littledarkone.png */ = {isa = PBXFileReference; lastKnownFileType = image.png; path = S_S_littledarkone.png; sourceTree = "<group>"; };
		3927F81D2EDAE352007953CA /* S_S_Sofrito.png */ = {isa = PBXFileReference; lastKnownFileType = image.png; path = S_S_Sofrito.png; sourceTree = "<group>"; };
		3927F81F2EDAE352007953CA /* palette.json */ = {isa = PBXFileReference; lastKnownFileType = text.json; path = palette.json; sourceTree = "<group>"; };
		3927F8202EDAE352007953CA /* tokens.css */ = {isa = PBXFileReference; lastKnownFileType = text.css; path = tokens.css; sourceTree = "<group>"; };
		3927F8222EDAE352007953CA /* mute.svg */ = {isa = PBXFileReference; lastKnownFileType = text; path = mute.svg; sourceTree = "<group>"; };
		3927F8232EDAE352007953CA /* pause.svg */ = {isa = PBXFileReference; lastKnownFileType = text; path = pause.svg; sourceTree = "<group>"; };
		3927F8242EDAE352007953CA /* play.svg */ = {isa = PBXFileReference; lastKnownFileType = text; path = play.svg; sourceTree = "<group>"; };
		3927F8252EDAE352007953CA /* powerup.svg */ = {isa = PBXFileReference; lastKnownFileType = text; path = powerup.svg; sourceTree = "<group>"; };
		3927F8272EDAE352007953CA /* hud_frame.svg */ = {isa = PBXFileReference; lastKnownFileType = text; path = hud_frame.svg; sourceTree = "<group>"; };
		3927F8282EDAE352007953CA /* logo.svg */ = {isa = PBXFileReference; lastKnownFileType = text; path = logo.svg; sourceTree = "<group>"; };
		3927F82A2EDAE352007953CA /* screenshot.png */ = {isa = PBXFileReference; lastKnownFileType = image.png; path = screenshot.png; sourceTree = "<group>"; };
		3927F82C2EDAE352007953CA /* game.js */ = {isa = PBXFileReference; lastKnownFileType = sourcecode.javascript; path = game.js; sourceTree = "<group>"; };
		3927F82D2EDAE352007953CA /* index.html */ = {isa = PBXFileReference; lastKnownFileType = text.html; path = index.html; sourceTree = "<group>"; };
		3927F82E2EDAE352007953CA /* style.css */ = {isa = PBXFileReference; lastKnownFileType = text.css; path = style.css; sourceTree = "<group>"; };
/* End PBXFileReference section */

/* Begin PBXFileSystemSynchronizedRootGroup section */
		3927F7A72EDADD8E007953CA /* typer198xMac */ = {
			isa = PBXFileSystemSynchronizedRootGroup;
			path = typer198xMac;
			sourceTree = "<group>";
		};
		3927F7B62EDADD8F007953CA /* typer198xMacTests */ = {
			isa = PBXFileSystemSynchronizedRootGroup;
			path = typer198xMacTests;
			sourceTree = "<group>";
		};
		3927F7C02EDADD8F007953CA /* typer198xMacUITests */ = {
			isa = PBXFileSystemSynchronizedRootGroup;
			path = typer198xMacUITests;
			sourceTree = "<group>";
		};
/* End PBXFileSystemSynchronizedRootGroup section */

/* Begin PBXFrameworksBuildPhase section */
		3927F7A22EDADD8E007953CA /* Frameworks */ = {
			isa = PBXFrameworksBuildPhase;
			buildActionMask = 2147483647;
			files = (
			);
			runOnlyForDeploymentPostprocessing = 0;
		};
		3927F7B02EDADD8F007953CA /* Frameworks */ = {
			isa = PBXFrameworksBuildPhase;
			buildActionMask = 2147483647;
			files = (
			);
			runOnlyForDeploymentPostprocessing = 0;
		};
		3927F7BA2EDADD8F007953CA /* Frameworks */ = {
			isa = PBXFrameworksBuildPhase;
			buildActionMask = 2147483647;
			files = (
			);
			runOnlyForDeploymentPostprocessing = 0;
		};
/* End PBXFrameworksBuildPhase section */

/* Begin PBXGroup section */
		3927F79C2EDADD8E007953CA = {
			isa = PBXGroup;
			children = (
				3927F82F2EDAE352007953CA /* www */,
				3927F7A72EDADD8E007953CA /* typer198xMac */,
				3927F7B62EDADD8F007953CA /* typer198xMacTests */,
				3927F7C02EDADD8F007953CA /* typer198xMacUITests */,
				3927F7A62EDADD8E007953CA /* Products */,
			);
			sourceTree = "<group>";
		};
		3927F7A62EDADD8E007953CA /* Products */ = {
			isa = PBXGroup;
			children = (
				3927F7A52EDADD8E007953CA /* typer198xMac.app */,
				3927F7B32EDADD8F007953CA /* typer198xMacTests.xctest */,
				3927F7BD2EDADD8F007953CA /* typer198xMacUITests.xctest */,
			);
			name = Products;
			sourceTree = "<group>";
		};
		3927F7DD2EDAE352007953CA /* audio */ = {
			isa = PBXGroup;
			children = (
				3927F7D42EDAE352007953CA /* bigexplosion.wav */,
				3927F7D52EDAE352007953CA /* Galactic_High_Score_1.wav */,
				3927F7D62EDAE352007953CA /* Galactic_High_Score_2.wav */,
				3927F7D72EDAE352007953CA /* Galactic_High_Score_3.wav */,
				3927F7D82EDAE352007953CA /* Galactic_High_Score_4.wav */,
				3927F7D92EDAE352007953CA /* Galactic_High_Score_5.wav */,
				3927F7DA2EDAE352007953CA /* Galactic_High_Score_6.wav */,
				3927F7DB2EDAE352007953CA /* laser.wav */,
				3927F7DC2EDAE352007953CA /* sfx.js */,
			);
			path = audio;
			sourceTree = "<group>";
		};
		3927F7E42EDAE352007953CA /* backgrounds */ = {
			isa = PBXGroup;
			children = (
				3927F7DE2EDAE352007953CA /* fifthlevelbg.png */,
				3927F7DF2EDAE352007953CA /* firstlevelbg.png */,
				3927F7E02EDAE352007953CA /* fourthlevelbg.png */,
				3927F7E12EDAE352007953CA /* secondlevelbg.png */,
				3927F7E22EDAE352007953CA /* sixthlevelbg.png */,
				3927F7E32EDAE352007953CA /* thirdlevelbg.png */,
			);
			path = backgrounds;
			sourceTree = "<group>";
		};
		3927F7EF2EDAE352007953CA /* boss_ships */ = {
			isa = PBXGroup;
			children = (
				3927F7E52EDAE352007953CA /* 10thlevelboss.png */,
				3927F7E62EDAE352007953CA /* eigthlevelboss.png */,
				3927F7E72EDAE352007953CA /* fifthlevelboss.png */,
				3927F7E82EDAE352007953CA /* firstlevelBoss.png */,
				3927F7E92EDAE352007953CA /* fourthevelboss.png */,
				3927F7EA2EDAE352007953CA /* ninthlevelboss.png */,
				3927F7EB2EDAE352007953CA /* secondlevelboss.png */,
				3927F7EC2EDAE352007953CA /* seventhlevelboss.png */,
				3927F7ED2EDAE352007953CA /* sixthlevelboss.png */,
				3927F7EE2EDAE352007953CA /* thirdlevelboss.png */,
			);
			path = boss_ships;
			sourceTree = "<group>";
		};
		3927F7F92EDAE352007953CA /* explosions */ = {
			isa = PBXGroup;
			children = (
				3927F7F02EDAE352007953CA /* explosions.png */,
				3927F7F12EDAE352007953CA /* frame_00.png */,
				3927F7F22EDAE352007953CA /* frame_01.png */,
				3927F7F32EDAE352007953CA /* frame_02.png */,
				3927F7F42EDAE352007953CA /* frame_03.png */,
				3927F7F52EDAE352007953CA /* frame_04.png */,
				3927F7F62EDAE352007953CA /* frame_05.png */,
				3927F7F72EDAE352007953CA /* frame_06.png */,
				3927F7F82EDAE352007953CA /* frame_07.png */,
			);
			path = explosions;
			sourceTree = "<group>";
		};
		3927F8002EDAE352007953CA /* foregrounds */ = {
			isa = PBXGroup;
			children = (
				3927F7FA2EDAE352007953CA /* fifthlevelFG.png */,
				3927F7FB2EDAE352007953CA /* firstlevelFG.png */,
				3927F7FC2EDAE352007953CA /* fourthlevelFG.png */,
				3927F7FD2EDAE352007953CA /* secondlevelFG.png */,
				3927F7FE2EDAE352007953CA /* sixthlevelFG.png */,
				3927F7FF2EDAE352007953CA /* thirdlevelFG.png */,
			);
			path = foregrounds;
			sourceTree = "<group>";
		};
		3927F80D2EDAE352007953CA /* ios */ = {
			isa = PBXGroup;
			children = (
				3927F8012EDAE352007953CA /* Icon-App-20@2x.png */,
				3927F8022EDAE352007953CA /* Icon-App-20@3x.png */,
				3927F8032EDAE352007953CA /* Icon-App-29@2x.png */,
				3927F8042EDAE352007953CA /* Icon-App-29@3x.png */,
				3927F8052EDAE352007953CA /* Icon-App-40@2x.png */,
				3927F8062EDAE352007953CA /* Icon-App-40@3x.png */,
				3927F8072EDAE352007953CA /* Icon-App-60@2x.png */,
				3927F8082EDAE352007953CA /* Icon-App-60@3x.png */,
				3927F8092EDAE352007953CA /* Icon-App-76@1x.png */,
				3927F80A2EDAE352007953CA /* Icon-App-76@2x.png */,
				3927F80B2EDAE352007953CA /* Icon-App-83.5@2x.png */,
				3927F80C2EDAE352007953CA /* Icon-App-1024.png */,
			);
			path = ios;
			sourceTree = "<group>";
		};
		3927F8152EDAE352007953CA /* macos */ = {
			isa = PBXGroup;
			children = (
				3927F80E2EDAE352007953CA /* Icon-App-16.png */,
				3927F80F2EDAE352007953CA /* Icon-App-32.png */,
				3927F8102EDAE352007953CA /* Icon-App-64.png */,
				3927F8112EDAE352007953CA /* Icon-App-128.png */,
				3927F8122EDAE352007953CA /* Icon-App-256.png */,
				3927F8132EDAE352007953CA /* Icon-App-512.png */,
				3927F8142EDAE352007953CA /* Icon-App-1024.png */,
			);
			path = macos;
			sourceTree = "<group>";
		};
		3927F8162EDAE352007953CA /* generated */ = {
			isa = PBXGroup;
			children = (
				3927F80D2EDAE352007953CA /* ios */,
				3927F8152EDAE352007953CA /* macos */,
			);
			path = generated;
			sourceTree = "<group>";
		};
		3927F8192EDAE352007953CA /* icons */ = {
			isa = PBXGroup;
			children = (
				3927F8162EDAE352007953CA /* generated */,
				3927F8172EDAE352007953CA /* typer_icon.png */,
				3927F8182EDAE352007953CA /* typer_icon_square.png */,
			);
			path = icons;
			sourceTree = "<group>";
		};
		3927F81E2EDAE352007953CA /* ships */ = {
			isa = PBXGroup;
			children = (
				3927F81A2EDAE352007953CA /* S_S_Coconut.png */,
				3927F81B2EDAE352007953CA /* S_S_honeyBee.png */,
				3927F81C2EDAE352007953CA /* S_S_littledarkone.png */,
				3927F81D2EDAE352007953CA /* S_S_Sofrito.png */,
			);
			path = ships;
			sourceTree = "<group>";
		};
		3927F8212EDAE352007953CA /* style */ = {
			isa = PBXGroup;
			children = (
				3927F81F2EDAE352007953CA /* palette.json */,
				3927F8202EDAE352007953CA /* tokens.css */,
			);
			path = style;
			sourceTree = "<group>";
		};
		3927F8262EDAE352007953CA /* icons */ = {
			isa = PBXGroup;
			children = (
				3927F8222EDAE352007953CA /* mute.svg */,
				3927F8232EDAE352007953CA /* pause.svg */,
				3927F8242EDAE352007953CA /* play.svg */,
				3927F8252EDAE352007953CA /* powerup.svg */,
			);
			path = icons;
			sourceTree = "<group>";
		};
		3927F8292EDAE352007953CA /* ui */ = {
			isa = PBXGroup;
			children = (
				3927F8262EDAE352007953CA /* icons */,
				3927F8272EDAE352007953CA /* hud_frame.svg */,
				3927F8282EDAE352007953CA /* logo.svg */,
			);
			path = ui;
			sourceTree = "<group>";
		};
		3927F82B2EDAE352007953CA /* assets */ = {
			isa = PBXGroup;
			children = (
				3927F7DD2EDAE352007953CA /* audio */,
				3927F7E42EDAE352007953CA /* backgrounds */,
				3927F7EF2EDAE352007953CA /* boss_ships */,
				3927F7F92EDAE352007953CA /* explosions */,
				3927F8002EDAE352007953CA /* foregrounds */,
				3927F8192EDAE352007953CA /* icons */,
				3927F81E2EDAE352007953CA /* ships */,
				3927F8212EDAE352007953CA /* style */,
				3927F8292EDAE352007953CA /* ui */,
				3927F82A2EDAE352007953CA /* screenshot.png */,
			);
			path = assets;
			sourceTree = "<group>";
		};
		3927F82F2EDAE352007953CA /* www */ = {
			isa = PBXFileReference;
			lastKnownFileType = folder;
			name = www;
			path = ../../shared/www;
			sourceTree = SOURCE_ROOT;
		};
/* End PBXGroup section */

/* Begin PBXNativeTarget section */
		3927F7A42EDADD8E007953CA /* typer198xMac */ = {
			isa = PBXNativeTarget;
			buildConfigurationList = 3927F7C72EDADD8F007953CA /* Build configuration list for PBXNativeTarget "typer198xMac" */;
			buildPhases = (
				3927F7A12EDADD8E007953CA /* Sources */,
				3927F7A22EDADD8E007953CA /* Frameworks */,
				3927F7A32EDADD8E007953CA /* Resources */,
			);
			buildRules = (
			);
			dependencies = (
			);
			fileSystemSynchronizedGroups = (
				3927F7A72EDADD8E007953CA /* typer198xMac */,
			);
			name = typer198xMac;
			packageProductDependencies = (
			);
			productName = typer198xMac;
			productReference = 3927F7A52EDADD8E007953CA /* typer198xMac.app */;
			productType = "com.apple.product-type.application";
		};
		3927F7B22EDADD8F007953CA /* typer198xMacTests */ = {
			isa = PBXNativeTarget;
			buildConfigurationList = 3927F7CA2EDADD8F007953CA /* Build configuration list for PBXNativeTarget "typer198xMacTests" */;
			buildPhases = (
				3927F7AF2EDADD8F007953CA /* Sources */,
				3927F7B02EDADD8F007953CA /* Frameworks */,
				3927F7B12EDADD8F007953CA /* Resources */,
			);
			buildRules = (
			);
			dependencies = (
				3927F7B52EDADD8F007953CA /* PBXTargetDependency */,
			);
			fileSystemSynchronizedGroups = (
				3927F7B62EDADD8F007953CA /* typer198xMacTests */,
			);
			name = typer198xMacTests;
			packageProductDependencies = (
			);
			productName = typer198xMacTests;
			productReference = 3927F7B32EDADD8F007953CA /* typer198xMacTests.xctest */;
			productType = "com.apple.product-type.bundle.unit-test";
		};
		3927F7BC2EDADD8F007953CA /* typer198xMacUITests */ = {
			isa = PBXNativeTarget;
			buildConfigurationList = 3927F7CD2EDADD8F007953CA /* Build configuration list for PBXNativeTarget "typer198xMacUITests" */;
			buildPhases = (
				3927F7B92EDADD8F007953CA /* Sources */,
				3927F7BA2EDADD8F007953CA /* Frameworks */,
				3927F7BB2EDADD8F007953CA /* Resources */,
			);
			buildRules = (
			);
			dependencies = (
				3927F7BF2EDADD8F007953CA /* PBXTargetDependency */,
			);
			fileSystemSynchronizedGroups = (
				3927F7C02EDADD8F007953CA /* typer198xMacUITests */,
			);
			name = typer198xMacUITests;
			packageProductDependencies = (
			);
			productName = typer198xMacUITests;
			productReference = 3927F7BD2EDADD8F007953CA /* typer198xMacUITests.xctest */;
			productType = "com.apple.product-type.bundle.ui-testing";
		};
/* End PBXNativeTarget section */

/* Begin PBXProject section */
		3927F79D2EDADD8E007953CA /* Project object */ = {
			isa = PBXProject;
			attributes = {
				BuildIndependentTargetsInParallel = 1;
				LastSwiftUpdateCheck = 1640;
				LastUpgradeCheck = 1640;
				TargetAttributes = {
					3927F7A42EDADD8E007953CA = {
						CreatedOnToolsVersion = 16.4;
					};
					3927F7B22EDADD8F007953CA = {
						CreatedOnToolsVersion = 16.4;
						TestTargetID = 3927F7A42EDADD8E007953CA;
					};
					3927F7BC2EDADD8F007953CA = {
						CreatedOnToolsVersion = 16.4;
						TestTargetID = 3927F7A42EDADD8E007953CA;
					};
				};
			};
			buildConfigurationList = 3927F7A02EDADD8E007953CA /* Build configuration list for PBXProject "typer198xMac" */;
			developmentRegion = en;
			hasScannedForEncodings = 0;
			knownRegions = (
				en,
				Base,
			);
			mainGroup = 3927F79C2EDADD8E007953CA;
			minimizedProjectReferenceProxies = 1;
			preferredProjectObjectVersion = 77;
			productRefGroup = 3927F7A62EDADD8E007953CA /* Products */;
			projectDirPath = "";
			projectRoot = "";
			targets = (
				3927F7A42EDADD8E007953CA /* typer198xMac */,
				3927F7B22EDADD8F007953CA /* typer198xMacTests */,
				3927F7BC2EDADD8F007953CA /* typer198xMacUITests */,
			);
		};
/* End PBXProject section */

/* Begin PBXResourcesBuildPhase section */
		3927F7A32EDADD8E007953CA /* Resources */ = {
			isa = PBXResourcesBuildPhase;
			buildActionMask = 2147483647;
			files = (
				3927F8362EDAE352007953CA /* www in Resources */,
			);
			runOnlyForDeploymentPostprocessing = 0;
		};
		3927F7B12EDADD8F007953CA /* Resources */ = {
			isa = PBXResourcesBuildPhase;
			buildActionMask = 2147483647;
			files = (
			);
			runOnlyForDeploymentPostprocessing = 0;
		};
		3927F7BB2EDADD8F007953CA /* Resources */ = {
			isa = PBXResourcesBuildPhase;
			buildActionMask = 2147483647;
			files = (
			);
			runOnlyForDeploymentPostprocessing = 0;
		};
/* End PBXResourcesBuildPhase section */

/* Begin PBXSourcesBuildPhase section */
		3927F7A12EDADD8E007953CA /* Sources */ = {
			isa = PBXSourcesBuildPhase;
			buildActionMask = 2147483647;
			files = (
			);
			runOnlyForDeploymentPostprocessing = 0;
		};
		3927F7AF2EDADD8F007953CA /* Sources */ = {
			isa = PBXSourcesBuildPhase;
			buildActionMask = 2147483647;
			files = (
			);
			runOnlyForDeploymentPostprocessing = 0;
		};
		3927F7B92EDADD8F007953CA /* Sources */ = {
			isa = PBXSourcesBuildPhase;
			buildActionMask = 2147483647;
			files = (
			);
			runOnlyForDeploymentPostprocessing = 0;
		};
/* End PBXSourcesBuildPhase section */

/* Begin PBXTargetDependency section */
		3927F7B52EDADD8F007953CA /* PBXTargetDependency */ = {
			isa = PBXTargetDependency;
			target = 3927F7A42EDADD8E007953CA /* typer198xMac */;
			targetProxy = 3927F7B42EDADD8F007953CA /* PBXContainerItemProxy */;
		};
		3927F7BF2EDADD8F007953CA /* PBXTargetDependency */ = {
			isa = PBXTargetDependency;
			target = 3927F7A42EDADD8E007953CA /* typer198xMac */;
			targetProxy = 3927F7BE2EDADD8F007953CA /* PBXContainerItemProxy */;
		};
/* End PBXTargetDependency section */

/* Begin XCBuildConfiguration section */
		3927F7C52EDADD8F007953CA /* Debug */ = {
			isa = XCBuildConfiguration;
			buildSettings = {
				ALWAYS_SEARCH_USER_PATHS = NO;
				ASSETCATALOG_COMPILER_GENERATE_SWIFT_ASSET_SYMBOL_EXTENSIONS = YES;
				CLANG_ANALYZER_NONNULL = YES;
				CLANG_ANALYZER_NUMBER_OBJECT_CONVERSION = YES_AGGRESSIVE;
				CLANG_CXX_LANGUAGE_STANDARD = "gnu++20";
				CLANG_ENABLE_MODULES = YES;
				CLANG_ENABLE_OBJC_ARC = YES;
				CLANG_ENABLE_OBJC_WEAK = YES;
				CLANG_WARN_BLOCK_CAPTURE_AUTORELEASING = YES;
				CLANG_WARN_BOOL_CONVERSION = YES;
				CLANG_WARN_COMMA = YES;
				CLANG_WARN_CONSTANT_CONVERSION = YES;
				CLANG_WARN_DEPRECATED_OBJC_IMPLEMENTATIONS = YES;
				CLANG_WARN_DIRECT_OBJC_ISA_USAGE = YES_ERROR;
				CLANG_WARN_DOCUMENTATION_COMMENTS = YES;
				CLANG_WARN_EMPTY_BODY = YES;
				CLANG_WARN_ENUM_CONVERSION = YES;
				CLANG_WARN_INFINITE_RECURSION = YES;
				CLANG_WARN_INT_CONVERSION = YES;
				CLANG_WARN_NON_LITERAL_NULL_CONVERSION = YES;
				CLANG_WARN_OBJC_IMPLICIT_RETAIN_SELF = YES;
				CLANG_WARN_OBJC_LITERAL_CONVERSION = YES;
				CLANG_WARN_OBJC_ROOT_CLASS = YES_ERROR;
				CLANG_WARN_QUOTED_INCLUDE_IN_FRAMEWORK_HEADER = YES;
				CLANG_WARN_RANGE_LOOP_ANALYSIS = YES;
				CLANG_WARN_STRICT_PROTOTYPES = YES;
				CLANG_WARN_SUSPICIOUS_MOVE = YES;
				CLANG_WARN_UNGUARDED_AVAILABILITY = YES_AGGRESSIVE;
				CLANG_WARN_UNREACHABLE_CODE = YES;
				CLANG_WARN__DUPLICATE_METHOD_MATCH = YES;
				COPY_PHASE_STRIP = NO;
				DEBUG_INFORMATION_FORMAT = dwarf;
				ENABLE_STRICT_OBJC_MSGSEND = YES;
				ENABLE_TESTABILITY = YES;
				ENABLE_USER_SCRIPT_SANDBOXING = YES;
				GCC_C_LANGUAGE_STANDARD = gnu17;
				GCC_DYNAMIC_NO_PIC = NO;
				GCC_NO_COMMON_BLOCKS = YES;
				GCC_OPTIMIZATION_LEVEL = 0;
				GCC_PREPROCESSOR_DEFINITIONS = (
					"DEBUG=1",
					"$(inherited)",
				);
				GCC_WARN_64_TO_32_BIT_CONVERSION = YES;
				GCC_WARN_ABOUT_RETURN_TYPE = YES_ERROR;
				GCC_WARN_UNDECLARED_SELECTOR = YES;
				GCC_WARN_UNINITIALIZED_AUTOS = YES_AGGRESSIVE;
				GCC_WARN_UNUSED_FUNCTION = YES;
				GCC_WARN_UNUSED_VARIABLE = YES;
				LOCALIZATION_PREFERS_STRING_CATALOGS = YES;
				MACOSX_DEPLOYMENT_TARGET = 15.5;
				MTL_ENABLE_DEBUG_INFO = INCLUDE_SOURCE;
				MTL_FAST_MATH = YES;
				ONLY_ACTIVE_ARCH = YES;
				SDKROOT = macosx;
				SWIFT_ACTIVE_COMPILATION_CONDITIONS = "DEBUG $(inherited)";
				SWIFT_OPTIMIZATION_LEVEL = "-Onone";
			};
			name = Debug;
		};
		3927F7C62EDADD8F007953CA /* Release */ = {
			isa = XCBuildConfiguration;
			buildSettings = {
				ALWAYS_SEARCH_USER_PATHS = NO;
				ASSETCATALOG_COMPILER_GENERATE_SWIFT_ASSET_SYMBOL_EXTENSIONS = YES;
				CLANG_ANALYZER_NONNULL = YES;
				CLANG_ANALYZER_NUMBER_OBJECT_CONVERSION = YES_AGGRESSIVE;
				CLANG_CXX_LANGUAGE_STANDARD = "gnu++20";
				CLANG_ENABLE_MODULES = YES;
				CLANG_ENABLE_OBJC_ARC = YES;
				CLANG_ENABLE_OBJC_WEAK = YES;
				CLANG_WARN_BLOCK_CAPTURE_AUTORELEASING = YES;
				CLANG_WARN_BOOL_CONVERSION = YES;
				CLANG_WARN_COMMA = YES;
				CLANG_WARN_CONSTANT_CONVERSION = YES;
				CLANG_WARN_DEPRECATED_OBJC_IMPLEMENTATIONS = YES;
				CLANG_WARN_DIRECT_OBJC_ISA_USAGE = YES_ERROR;
				CLANG_WARN_DOCUMENTATION_COMMENTS = YES;
				CLANG_WARN_EMPTY_BODY = YES;
				CLANG_WARN_ENUM_CONVERSION = YES;
				CLANG_WARN_INFINITE_RECURSION = YES;
				CLANG_WARN_INT_CONVERSION = YES;
				CLANG_WARN_NON_LITERAL_NULL_CONVERSION = YES;
				CLANG_WARN_OBJC_IMPLICIT_RETAIN_SELF = YES;
				CLANG_WARN_OBJC_LITERAL_CONVERSION = YES;
				CLANG_WARN_OBJC_ROOT_CLASS = YES_ERROR;
				CLANG_WARN_QUOTED_INCLUDE_IN_FRAMEWORK_HEADER = YES;
				CLANG_WARN_RANGE_LOOP_ANALYSIS = YES;
				CLANG_WARN_STRICT_PROTOTYPES = YES;
				CLANG_WARN_SUSPICIOUS_MOVE = YES;
				CLANG_WARN_UNGUARDED_AVAILABILITY = YES_AGGRESSIVE;
				CLANG_WARN_UNREACHABLE_CODE = YES;
				CLANG_WARN__DUPLICATE_METHOD_MATCH = YES;
				COPY_PHASE_STRIP = NO;
				DEBUG_INFORMATION_FORMAT = "dwarf-with-dsym";
				ENABLE_NS_ASSERTIONS = NO;
				ENABLE_STRICT_OBJC_MSGSEND = YES;
				ENABLE_USER_SCRIPT_SANDBOXING = YES;
				GCC_C_LANGUAGE_STANDARD = gnu17;
				GCC_NO_COMMON_BLOCKS = YES;
				GCC_WARN_64_TO_32_BIT_CONVERSION = YES;
				GCC_WARN_ABOUT_RETURN_TYPE = YES_ERROR;
				GCC_WARN_UNDECLARED_SELECTOR = YES;
				GCC_WARN_UNINITIALIZED_AUTOS = YES_AGGRESSIVE;
				GCC_WARN_UNUSED_FUNCTION = YES;
				GCC_WARN_UNUSED_VARIABLE = YES;
				LOCALIZATION_PREFERS_STRING_CATALOGS = YES;
				MACOSX_DEPLOYMENT_TARGET = 15.5;
				MTL_ENABLE_DEBUG_INFO = NO;
				MTL_FAST_MATH = YES;
				SDKROOT = macosx;
				SWIFT_COMPILATION_MODE = wholemodule;
			};
			name = Release;
		};
		3927F7C82EDADD8F007953CA /* Debug */ = {
			isa = XCBuildConfiguration;
			buildSettings = {
				ASSETCATALOG_COMPILER_APPICON_NAME = AppIcon;
				ASSETCATALOG_COMPILER_GLOBAL_ACCENT_COLOR_NAME = AccentColor;
				ASSETCATALOG_COMPILER_INCLUDE_ALL_APPICON_ASSETS = YES;
				CODE_SIGN_ENTITLEMENTS = typer198xMac/typer198xMac.entitlements;
				"CODE_SIGN_IDENTITY[sdk=macosx*]" = "Apple Development";
				CODE_SIGN_STYLE = Automatic;
				COMBINE_HIDPI_IMAGES = YES;
				CURRENT_PROJECT_VERSION = 1;
				DEVELOPMENT_TEAM = JKMMZ55D86;
				ENABLE_PREVIEWS = YES;
				GENERATE_INFOPLIST_FILE = YES;
				INFOPLIST_KEY_CFBundleDisplayName = "Type-R 198x";
				INFOPLIST_KEY_LSApplicationCategoryType = "public.app-category.word-games";
				INFOPLIST_KEY_NSHumanReadableCopyright = "";
				LD_RUNPATH_SEARCH_PATHS = (
					"$(inherited)",
					"@executable_path/../Frameworks",
				);
				MARKETING_VERSION = 1.0;
				PRODUCT_BUNDLE_IDENTIFIER = com.bradford.typeR198x.typer198xMac;
				PRODUCT_NAME = "$(TARGET_NAME)";
				REGISTER_APP_GROUPS = YES;
				SWIFT_EMIT_LOC_STRINGS = YES;
				SWIFT_VERSION = 5.0;
			};
			name = Debug;
		};
		3927F7C92EDADD8F007953CA /* Release */ = {
			isa = XCBuildConfiguration;
			buildSettings = {
				ASSETCATALOG_COMPILER_APPICON_NAME = AppIcon;
				ASSETCATALOG_COMPILER_GLOBAL_ACCENT_COLOR_NAME = AccentColor;
				ASSETCATALOG_COMPILER_INCLUDE_ALL_APPICON_ASSETS = YES;
				CODE_SIGN_ENTITLEMENTS = typer198xMac/typer198xMac.entitlements;
				"CODE_SIGN_IDENTITY[sdk=macosx*]" = "Apple Development";
				CODE_SIGN_STYLE = Automatic;
				COMBINE_HIDPI_IMAGES = YES;
				CURRENT_PROJECT_VERSION = 1;
				DEVELOPMENT_TEAM = JKMMZ55D86;
				ENABLE_PREVIEWS = YES;
				GENERATE_INFOPLIST_FILE = YES;
				INFOPLIST_KEY_CFBundleDisplayName = "Type-R 198x";
				INFOPLIST_KEY_LSApplicationCategoryType = "public.app-category.word-games";
				INFOPLIST_KEY_NSHumanReadableCopyright = "";
				LD_RUNPATH_SEARCH_PATHS = (
					"$(inherited)",
					"@executable_path/../Frameworks",
				);
				MARKETING_VERSION = 1.0;
				PRODUCT_BUNDLE_IDENTIFIER = com.bradford.typeR198x.typer198xMac;
				PRODUCT_NAME = "$(TARGET_NAME)";
				REGISTER_APP_GROUPS = YES;
				SWIFT_EMIT_LOC_STRINGS = YES;
				SWIFT_VERSION = 5.0;
			};
			name = Release;
		};
		3927F7CB2EDADD8F007953CA /* Debug */ = {
			isa = XCBuildConfiguration;
			buildSettings = {
				BUNDLE_LOADER = "$(TEST_HOST)";
				CODE_SIGN_STYLE = Automatic;
				CURRENT_PROJECT_VERSION = 1;
				GENERATE_INFOPLIST_FILE = YES;
				MACOSX_DEPLOYMENT_TARGET = 15.5;
				MARKETING_VERSION = 1.0;
				PRODUCT_BUNDLE_IDENTIFIER = com.bradford.typeR198x.typer198xMacTests;
				PRODUCT_NAME = "$(TARGET_NAME)";
				SWIFT_EMIT_LOC_STRINGS = NO;
				SWIFT_VERSION = 5.0;
				TEST_HOST = "$(BUILT_PRODUCTS_DIR)/typer198xMac.app/$(BUNDLE_EXECUTABLE_FOLDER_PATH)/typer198xMac";
			};
			name = Debug;
		};
		3927F7CC2EDADD8F007953CA /* Release */ = {
			isa = XCBuildConfiguration;
			buildSettings = {
				BUNDLE_LOADER = "$(TEST_HOST)";
				CODE_SIGN_STYLE = Automatic;
				CURRENT_PROJECT_VERSION = 1;
				GENERATE_INFOPLIST_FILE = YES;
				MACOSX_DEPLOYMENT_TARGET = 15.5;
				MARKETING_VERSION = 1.0;
				PRODUCT_BUNDLE_IDENTIFIER = com.bradford.typeR198x.typer198xMacTests;
				PRODUCT_NAME = "$(TARGET_NAME)";
				SWIFT_EMIT_LOC_STRINGS = NO;
				SWIFT_VERSION = 5.0;
				TEST_HOST = "$(BUILT_PRODUCTS_DIR)/typer198xMac.app/$(BUNDLE_EXECUTABLE_FOLDER_PATH)/typer198xMac";
			};
			name = Release;
		};
		3927F7CE2EDADD8F007953CA /* Debug */ = {
			isa = XCBuildConfiguration;
			buildSettings = {
				CODE_SIGN_STYLE = Automatic;
				CURRENT_PROJECT_VERSION = 1;
				GENERATE_INFOPLIST_FILE = YES;
				MARKETING_VERSION = 1.0;
				PRODUCT_BUNDLE_IDENTIFIER = com.bradford.typeR198x.typer198xMacUITests;
				PRODUCT_NAME = "$(TARGET_NAME)";
				SWIFT_EMIT_LOC_STRINGS = NO;
				SWIFT_VERSION = 5.0;
				TEST_TARGET_NAME = typer198xMac;
			};
			name = Debug;
		};
		3927F7CF2EDADD8F007953CA /* Release */ = {
			isa = XCBuildConfiguration;
			buildSettings = {
				CODE_SIGN_STYLE = Automatic;
				CURRENT_PROJECT_VERSION = 1;
				GENERATE_INFOPLIST_FILE = YES;
				MARKETING_VERSION = 1.0;
				PRODUCT_BUNDLE_IDENTIFIER = com.bradford.typeR198x.typer198xMacUITests;
				PRODUCT_NAME = "$(TARGET_NAME)";
				SWIFT_EMIT_LOC_STRINGS = NO;
				SWIFT_VERSION = 5.0;
				TEST_TARGET_NAME = typer198xMac;
			};
			name = Release;
		};
/* End XCBuildConfiguration section */

/* Begin XCConfigurationList section */
		3927F7A02EDADD8E007953CA /* Build configuration list for PBXProject "typer198xMac" */ = {
			isa = XCConfigurationList;
			buildConfigurations = (
				3927F7C52EDADD8F007953CA /* Debug */,
				3927F7C62EDADD8F007953CA /* Release */,
			);
			defaultConfigurationIsVisible = 0;
			defaultConfigurationName = Release;
		};
		3927F7C72EDADD8F007953CA /* Build configuration list for PBXNativeTarget "typer198xMac" */ = {
			isa = XCConfigurationList;
			buildConfigurations = (
				3927F7C82EDADD8F007953CA /* Debug */,
				3927F7C92EDADD8F007953CA /* Release */,
			);
			defaultConfigurationIsVisible = 0;
			defaultConfigurationName = Release;
		};
		3927F7CA2EDADD8F007953CA /* Build configuration list for PBXNativeTarget "typer198xMacTests" */ = {
			isa = XCConfigurationList;
			buildConfigurations = (
				3927F7CB2EDADD8F007953CA /* Debug */,
				3927F7CC2EDADD8F007953CA /* Release */,
			);
			defaultConfigurationIsVisible = 0;
			defaultConfigurationName = Release;
		};
		3927F7CD2EDADD8F007953CA /* Build configuration list for PBXNativeTarget "typer198xMacUITests" */ = {
			isa = XCConfigurationList;
			buildConfigurations = (
				3927F7CE2EDADD8F007953CA /* Debug */,
				3927F7CF2EDADD8F007953CA /* Release */,
			);
			defaultConfigurationIsVisible = 0;
			defaultConfigurationName = Release;
		};
/* End XCConfigurationList section */
	};
	rootObject = 3927F79D2EDADD8E007953CA /* Project object */;
}
